
Microsoft Visual Studio Solution File, Format Version 12.00
# Visual Studio Version 17
VisualStudioVersion = 17.0.32112.339
MinimumVisualStudioVersion = 10.0.40219.1
Project("{9A19103F-16F7-4668-BE54-9A1E7A4F7556}") = "PipelineDesignConsole", "PipelineDesign\PipelineDesignConsole.csproj", "{5AFFD78C-2240-47F4-986F-03F3671BDB9B}"
EndProject
Project("{9A19103F-16F7-4668-BE54-9A1E7A4F7556}") = "Specifications", "PipeSpecifications\Specifications.csproj", "{EC06FFBB-56D9-43DF-AE0C-DCA45449EA23}"
EndProject
Project("{9A19103F-16F7-4668-BE54-9A1E7A4F7556}") = "HazenWilliamsEngine", "PipelineDetails\HazenWilliamsEngine.csproj", "{59737E6D-9ADF-457E-A129-7C0A222724A7}"
EndProject
Project("{9A19103F-16F7-4668-BE54-9A1E7A4F7556}") = "PipelineDesignUnitTests", "PipelineDesignUnitTests\PipelineDesignUnitTests.csproj", "{6543D49E-276E-4327-BC4D-46AEFCDF5131}"
EndProject
Project("{9A19103F-16F7-4668-BE54-9A1E7A4F7556}") = "PipelineDesignApi", "Models\PipelineDesignApi.csproj", "{F925E558-08CE-4DC5-B82C-E4FAAB24696C}"
EndProject
Global
	GlobalSection(SolutionConfigurationPlatforms) = preSolution
		Debug|Any CPU = Debug|Any CPU
		Release|Any CPU = Release|Any CPU
	EndGlobalSection
	GlobalSection(ProjectConfigurationPlatforms) = postSolution
		{5AFFD78C-2240-47F4-986F-03F3671BDB9B}.Debug|Any CPU.ActiveCfg = Debug|Any CPU
		{5AFFD78C-2240-47F4-986F-03F3671BDB9B}.Debug|Any CPU.Build.0 = Debug|Any CPU
		{5AFFD78C-2240-47F4-986F-03F3671BDB9B}.Release|Any CPU.ActiveCfg = Release|Any CPU
		{5AFFD78C-2240-47F4-986F-03F3671BDB9B}.Release|Any CPU.Build.0 = Release|Any CPU
		{EC06FFBB-56D9-43DF-AE0C-DCA45449EA23}.Debug|Any CPU.ActiveCfg = Debug|Any CPU
		{EC06FFBB-56D9-43DF-AE0C-DCA45449EA23}.Debug|Any CPU.Build.0 = Debug|Any CPU
		{EC06FFBB-56D9-43DF-AE0C-DCA45449EA23}.Release|Any CPU.ActiveCfg = Release|Any CPU
		{EC06FFBB-56D9-43DF-AE0C-DCA45449EA23}.Release|Any CPU.Build.0 = Release|Any CPU
		{59737E6D-9ADF-457E-A129-7C0A222724A7}.Debug|Any CPU.ActiveCfg = Debug|Any CPU
		{59737E6D-9ADF-457E-A129-7C0A222724A7}.Debug|Any CPU.Build.0 = Debug|Any CPU
		{59737E6D-9ADF-457E-A129-7C0A222724A7}.Release|Any CPU.ActiveCfg = Release|Any CPU
		{59737E6D-9ADF-457E-A129-7C0A222724A7}.Release|Any CPU.Build.0 = Release|Any CPU
		{6543D49E-276E-4327-BC4D-46AEFCDF5131}.Debug|Any CPU.ActiveCfg = Debug|Any CPU
		{6543D49E-276E-4327-BC4D-46AEFCDF5131}.Debug|Any CPU.Build.0 = Debug|Any CPU
		{6543D49E-276E-4327-BC4D-46AEFCDF5131}.Release|Any CPU.ActiveCfg = Release|Any CPU
		{6543D49E-276E-4327-BC4D-46AEFCDF5131}.Release|Any CPU.Build.0 = Release|Any CPU
		{F925E558-08CE-4DC5-B82C-E4FAAB24696C}.Debug|Any CPU.ActiveCfg = Debug|Any CPU
		{F925E558-08CE-4DC5-B82C-E4FAAB24696C}.Debug|Any CPU.Build.0 = Debug|Any CPU
		{F925E558-08CE-4DC5-B82C-E4FAAB24696C}.Release|Any CPU.ActiveCfg = Release|Any CPU
		{F925E558-08CE-4DC5-B82C-E4FAAB24696C}.Release|Any CPU.Build.0 = Release|Any CPU
	EndGlobalSection
	GlobalSection(SolutionProperties) = preSolution
		HideSolutionNode = FALSE
	EndGlobalSection
	GlobalSection(ExtensibilityGlobals) = postSolution
		SolutionGuid = {FD34FE96-80DD-4186-ADFD-3B673A667D39}
	EndGlobalSection
EndGlobal
